// !$*UTF8*$!
{
	archiveVersion = 1;
	classes = {
	};
	objectVersion = 46;
	objects = {

/* Begin PBXBuildFile section */
		950986A31BB061F7003422FF /* AppDelegate.swift in Sources */ = {isa = PBXBuildFile; fileRef = 950986A21BB061F7003422FF /* AppDelegate.swift */; };
		950986A51BB061F7003422FF /* ViewController.swift in Sources */ = {isa = PBXBuildFile; fileRef = 950986A41BB061F7003422FF /* ViewController.swift */; };
		950986A81BB061F7003422FF /* Main.storyboard in Resources */ = {isa = PBXBuildFile; fileRef = 950986A61BB061F7003422FF /* Main.storyboard */; };
		950986AA1BB061F7003422FF /* Images.xcassets in Resources */ = {isa = PBXBuildFile; fileRef = 950986A91BB061F7003422FF /* Images.xcassets */; };
		950986AD1BB061F7003422FF /* LaunchScreen.xib in Resources */ = {isa = PBXBuildFile; fileRef = 950986AB1BB061F7003422FF /* LaunchScreen.xib */; };
		950986B91BB061F7003422FF /* Simple_iOS_REST_AppTests.swift in Sources */ = {isa = PBXBuildFile; fileRef = 950986B81BB061F7003422FF /* Simple_iOS_REST_AppTests.swift */; };
		95B40FBA1BB16F5200E95E42 /* session.swift in Sources */ = {isa = PBXBuildFile; fileRef = 95B40FB91BB16F5200E95E42 /* session.swift */; };
/* End PBXBuildFile section */

/* Begin PBXContainerItemProxy section */
		950986B31BB061F7003422FF /* PBXContainerItemProxy */ = {
			isa = PBXContainerItemProxy;
			containerPortal = 950986951BB061F7003422FF /* Project object */;
			proxyType = 1;
			remoteGlobalIDString = 9509869C1BB061F7003422FF;
			remoteInfo = "Simple iOS REST App";
		};
/* End PBXContainerItemProxy section */

/* Begin PBXFileReference section */
		9509869D1BB061F7003422FF /* Simple iOS REST App.app */ = {isa = PBXFileReference; explicitFileType = wrapper.application; includeInIndex = 0; path = "Simple iOS REST App.app"; sourceTree = BUILT_PRODUCTS_DIR; };
		950986A11BB061F7003422FF /* Info.plist */ = {isa = PBXFileReference; lastKnownFileType = text.plist.xml; path = Info.plist; sourceTree = "<group>"; };
		950986A21BB061F7003422FF /* AppDelegate.swift */ = {isa = PBXFileReference; lastKnownFileType = sourcecode.swift; path = AppDelegate.swift; sourceTree = "<group>"; };
		950986A41BB061F7003422FF /* ViewController.swift */ = {isa = PBXFileReference; lastKnownFileType = sourcecode.swift; path = ViewController.swift; sourceTree = "<group>"; };
		950986A71BB061F7003422FF /* Base */ = {isa = PBXFileReference; lastKnownFileType = file.storyboard; name = Base; path = Base.lproj/Main.storyboard; sourceTree = "<group>"; };
		950986A91BB061F7003422FF /* Images.xcassets */ = {isa = PBXFileReference; lastKnownFileType = folder.assetcatalog; path = Images.xcassets; sourceTree = "<group>"; };
		950986AC1BB061F7003422FF /* Base */ = {isa = PBXFileReference; lastKnownFileType = file.xib; name = Base; path = Base.lproj/LaunchScreen.xib; sourceTree = "<group>"; };
		950986B21BB061F7003422FF /* Simple iOS REST AppTests.xctest */ = {isa = PBXFileReference; explicitFileType = wrapper.cfbundle; includeInIndex = 0; path = "Simple iOS REST AppTests.xctest"; sourceTree = BUILT_PRODUCTS_DIR; };
		950986B71BB061F7003422FF /* Info.plist */ = {isa = PBXFileReference; lastKnownFileType = text.plist.xml; path = Info.plist; sourceTree = "<group>"; };
		950986B81BB061F7003422FF /* Simple_iOS_REST_AppTests.swift */ = {isa = PBXFileReference; lastKnownFileType = sourcecode.swift; path = Simple_iOS_REST_AppTests.swift; sourceTree = "<group>"; };
		95B40FB91BB16F5200E95E42 /* session.swift */ = {isa = PBXFileReference; fileEncoding = 4; lastKnownFileType = sourcecode.swift; path = session.swift; sourceTree = "<group>"; };
/* End PBXFileReference section */

/* Begin PBXFrameworksBuildPhase section */
		9509869A1BB061F7003422FF /* Frameworks */ = {
			isa = PBXFrameworksBuildPhase;
			buildActionMask = 2147483647;
			files = (
			);
			runOnlyForDeploymentPostprocessing = 0;
		};
		950986AF1BB061F7003422FF /* Frameworks */ = {
			isa = PBXFrameworksBuildPhase;
			buildActionMask = 2147483647;
			files = (
			);
			runOnlyForDeploymentPostprocessing = 0;
		};
/* End PBXFrameworksBuildPhase section */

/* Begin PBXGroup section */
		950986941BB061F7003422FF = {
			isa = PBXGroup;
			children = (
				9509869F1BB061F7003422FF /* Simple iOS REST App */,
				950986B51BB061F7003422FF /* Simple iOS REST AppTests */,
				9509869E1BB061F7003422FF /* Products */,
			);
			sourceTree = "<group>";
		};
		9509869E1BB061F7003422FF /* Products */ = {
			isa = PBXGroup;
			children = (
				9509869D1BB061F7003422FF /* Simple iOS REST App.app */,
				950986B21BB061F7003422FF /* Simple iOS REST AppTests.xctest */,
			);
			name = Products;
			sourceTree = "<group>";
		};
		9509869F1BB061F7003422FF /* Simple iOS REST App */ = {
			isa = PBXGroup;
			children = (
				95B40FB81BB16F4600E95E42 /* lib */,
				950986A21BB061F7003422FF /* AppDelegate.swift */,
				950986A41BB061F7003422FF /* ViewController.swift */,
				950986A61BB061F7003422FF /* Main.storyboard */,
				950986A91BB061F7003422FF /* Images.xcassets */,
				950986AB1BB061F7003422FF /* LaunchScreen.xib */,
				950986A01BB061F7003422FF /* Supporting Files */,
			);
			path = "Simple iOS REST App";
			sourceTree = "<group>";
		};
		950986A01BB061F7003422FF /* Supporting Files */ = {
			isa = PBXGroup;
			children = (
				950986A11BB061F7003422FF /* Info.plist */,
			);
			name = "Supporting Files";
			sourceTree = "<group>";
		};
		950986B51BB061F7003422FF /* Simple iOS REST AppTests */ = {
			isa = PBXGroup;
			children = (
				950986B81BB061F7003422FF /* Simple_iOS_REST_AppTests.swift */,
				950986B61BB061F7003422FF /* Supporting Files */,
			);
			path = "Simple iOS REST AppTests";
			sourceTree = "<group>";
		};
		950986B61BB061F7003422FF /* Supporting Files */ = {
			isa = PBXGroup;
			children = (
				950986B71BB061F7003422FF /* Info.plist */,
			);
			name = "Supporting Files";
			sourceTree = "<group>";
		};
		95B40FB81BB16F4600E95E42 /* lib */ = {
			isa = PBXGroup;
			children = (
				95B40FB91BB16F5200E95E42 /* session.swift */,
			);
			name = lib;
			sourceTree = "<group>";
		};
/* End PBXGroup section */

/* Begin PBXNativeTarget section */
		9509869C1BB061F7003422FF /* Simple iOS REST App */ = {
			isa = PBXNativeTarget;
			buildConfigurationList = 950986BC1BB061F7003422FF /* Build configuration list for PBXNativeTarget "Simple iOS REST App" */;
			buildPhases = (
				950986991BB061F7003422FF /* Sources */,
				9509869A1BB061F7003422FF /* Frameworks */,
				9509869B1BB061F7003422FF /* Resources */,
			);
			buildRules = (
			);
			dependencies = (
			);
			name = "Simple iOS REST App";
			productName = "Simple iOS REST App";
			productReference = 9509869D1BB061F7003422FF /* Simple iOS REST App.app */;
			productType = "com.apple.product-type.application";
		};
		950986B11BB061F7003422FF /* Simple iOS REST AppTests */ = {
			isa = PBXNativeTarget;
			buildConfigurationList = 950986BF1BB061F7003422FF /* Build configuration list for PBXNativeTarget "Simple iOS REST AppTests" */;
			buildPhases = (
				950986AE1BB061F7003422FF /* Sources */,
				950986AF1BB061F7003422FF /* Frameworks */,
				950986B01BB061F7003422FF /* Resources */,
			);
			buildRules = (
			);
			dependencies = (
				950986B41BB061F7003422FF /* PBXTargetDependency */,
			);
			name = "Simple iOS REST AppTests";
			productName = "Simple iOS REST AppTests";
			productReference = 950986B21BB061F7003422FF /* Simple iOS REST AppTests.xctest */;
			productType = "com.apple.product-type.bundle.unit-test";
		};
/* End PBXNativeTarget section */

/* Begin PBXProject section */
		950986951BB061F7003422FF /* Project object */ = {
			isa = PBXProject;
			attributes = {
				LastUpgradeCheck = 0640;
				TargetAttributes = {
					9509869C1BB061F7003422FF = {
						CreatedOnToolsVersion = 6.4;
					};
					950986B11BB061F7003422FF = {
						CreatedOnToolsVersion = 6.4;
						TestTargetID = 9509869C1BB061F7003422FF;
					};
				};
			};
			buildConfigurationList = 950986981BB061F7003422FF /* Build configuration list for PBXProject "Simple iOS REST App" */;
			compatibilityVersion = "Xcode 3.2";
			developmentRegion = English;
			hasScannedForEncodings = 0;
			knownRegions = (
				en,
				Base,
			);
			mainGroup = 950986941BB061F7003422FF;
			productRefGroup = 9509869E1BB061F7003422FF /* Products */;
			projectDirPath = "";
			projectRoot = "";
			targets = (
				9509869C1BB061F7003422FF /* Simple iOS REST App */,
				950986B11BB061F7003422FF /* Simple iOS REST AppTests */,
			);
		};
/* End PBXProject section */

/* Begin PBXResourcesBuildPhase section */
		9509869B1BB061F7003422FF /* Resources */ = {
			isa = PBXResourcesBuildPhase;
			buildActionMask = 2147483647;
			files = (
				950986A81BB061F7003422FF /* Main.storyboard in Resources */,
				950986AD1BB061F7003422FF /* LaunchScreen.xib in Resources */,
				950986AA1BB061F7003422FF /* Images.xcassets in Resources */,
			);
			runOnlyForDeploymentPostprocessing = 0;
		};
		950986B01BB061F7003422FF /* Resources */ = {
			isa = PBXResourcesBuildPhase;
			buildActionMask = 2147483647;
			files = (
			);
			runOnlyForDeploymentPostprocessing = 0;
		};
/* End PBXResourcesBuildPhase section */

/* Begin PBXSourcesBuildPhase section */
		950986991BB061F7003422FF /* Sources */ = {
			isa = PBXSourcesBuildPhase;
			buildActionMask = 2147483647;
			files = (
				950986A51BB061F7003422FF /* ViewController.swift in Sources */,
				950986A31BB061F7003422FF /* AppDelegate.swift in Sources */,
				95B40FBA1BB16F5200E95E42 /* session.swift in Sources */,
			);
			runOnlyForDeploymentPostprocessing = 0;
		};
		950986AE1BB061F7003422FF /* Sources */ = {
			isa = PBXSourcesBuildPhase;
			buildActionMask = 2147483647;
			files = (
				950986B91BB061F7003422FF /* Simple_iOS_REST_AppTests.swift in Sources */,
			);
			runOnlyForDeploymentPostprocessing = 0;
		};
/* End PBXSourcesBuildPhase section */

/* Begin PBXTargetDependency section */
		950986B41BB061F7003422FF /* PBXTargetDependency */ = {
			isa = PBXTargetDependency;
			target = 9509869C1BB061F7003422FF /* Simple iOS REST App */;
			targetProxy = 950986B31BB061F7003422FF /* PBXContainerItemProxy */;
		};
/* End PBXTargetDependency section */

/* Begin PBXVariantGroup section */
		950986A61BB061F7003422FF /* Main.storyboard */ = {
			isa = PBXVariantGroup;
			children = (
				950986A71BB061F7003422FF /* Base */,
			);
			name = Main.storyboard;
			sourceTree = "<group>";
		};
		950986AB1BB061F7003422FF /* LaunchScreen.xib */ = {
			isa = PBXVariantGroup;
			children = (
				950986AC1BB061F7003422FF /* Base */,
			);
			name = LaunchScreen.xib;
			sourceTree = "<group>";
		};
/* End PBXVariantGroup section */

/* Begin XCBuildConfiguration section */
		950986BA1BB061F7003422FF /* Debug */ = {
			isa = XCBuildConfiguration;
			buildSettings = {
				ALWAYS_SEARCH_USER_PATHS = NO;
				CLANG_CXX_LANGUAGE_STANDARD = "gnu++0x";
				CLANG_CXX_LIBRARY = "libc++";
				CLANG_ENABLE_MODULES = YES;
				CLANG_ENABLE_OBJC_ARC = YES;
				CLANG_WARN_BOOL_CONVERSION = YES;
				CLANG_WARN_CONSTANT_CONVERSION = YES;
				CLANG_WARN_DIRECT_OBJC_ISA_USAGE = YES_ERROR;
				CLANG_WARN_EMPTY_BODY = YES;
				CLANG_WARN_ENUM_CONVERSION = YES;
				CLANG_WARN_INT_CONVERSION = YES;
				CLANG_WARN_OBJC_ROOT_CLASS = YES_ERROR;
				CLANG_WARN_UNREACHABLE_CODE = YES;
				CLANG_WARN__DUPLICATE_METHOD_MATCH = YES;
				"CODE_SIGN_IDENTITY[sdk=iphoneos*]" = "iPhone Developer";
				COPY_PHASE_STRIP = NO;
				DEBUG_INFORMATION_FORMAT = "dwarf-with-dsym";
				ENABLE_STRICT_OBJC_MSGSEND = YES;
				GCC_C_LANGUAGE_STANDARD = gnu99;
				GCC_DYNAMIC_NO_PIC = NO;
				GCC_NO_COMMON_BLOCKS = YES;
				GCC_OPTIMIZATION_LEVEL = 0;
				GCC_PREPROCESSOR_DEFINITIONS = (
					"DEBUG=1",
					"$(inherited)",
				);
				GCC_SYMBOLS_PRIVATE_EXTERN = NO;
				GCC_WARN_64_TO_32_BIT_CONVERSION = YES;
				GCC_WARN_ABOUT_RETURN_TYPE = YES_ERROR;
				GCC_WARN_UNDECLARED_SELECTOR = YES;
				GCC_WARN_UNINITIALIZED_AUTOS = YES_AGGRESSIVE;
				GCC_WARN_UNUSED_FUNCTION = YES;
				GCC_WARN_UNUSED_VARIABLE = YES;
				IPHONEOS_DEPLOYMENT_TARGET = 8.4;
				MTL_ENABLE_DEBUG_INFO = YES;
				ONLY_ACTIVE_ARCH = YES;
				SDKROOT = iphoneos;
				SWIFT_OPTIMIZATION_LEVEL = "-Onone";
			};
			name = Debug;
		};
		950986BB1BB061F7003422FF /* Release */ = {
			isa = XCBuildConfiguration;
			buildSettings = {
				ALWAYS_SEARCH_USER_PATHS = NO;
				CLANG_CXX_LANGUAGE_STANDARD = "gnu++0x";
				CLANG_CXX_LIBRARY = "libc++";
				CLANG_ENABLE_MODULES = YES;
				CLANG_ENABLE_OBJC_ARC = YES;
				CLANG_WARN_BOOL_CONVERSION = YES;
				CLANG_WARN_CONSTANT_CONVERSION = YES;
				CLANG_WARN_DIRECT_OBJC_ISA_USAGE = YES_ERROR;
				CLANG_WARN_EMPTY_BODY = YES;
				CLANG_WARN_ENUM_CONVERSION = YES;
				CLANG_WARN_INT_CONVERSION = YES;
				CLANG_WARN_OBJC_ROOT_CLASS = YES_ERROR;
				CLANG_WARN_UNREACHABLE_CODE = YES;
				CLANG_WARN__DUPLICATE_METHOD_MATCH = YES;
				"CODE_SIGN_IDENTITY[sdk=iphoneos*]" = "iPhone Developer";
				COPY_PHASE_STRIP = NO;
				DEBUG_INFORMATION_FORMAT = "dwarf-with-dsym";
				ENABLE_NS_ASSERTIONS = NO;
				ENABLE_STRICT_OBJC_MSGSEND = YES;
				GCC_C_LANGUAGE_STANDARD = gnu99;
				GCC_NO_COMMON_BLOCKS = YES;
				GCC_WARN_64_TO_32_BIT_CONVERSION = YES;
				GCC_WARN_ABOUT_RETURN_TYPE = YES_ERROR;
				GCC_WARN_UNDECLARED_SELECTOR = YES;
				GCC_WARN_UNINITIALIZED_AUTOS = YES_AGGRESSIVE;
				GCC_WARN_UNUSED_FUNCTION = YES;
				GCC_WARN_UNUSED_VARIABLE = YES;
				IPHONEOS_DEPLOYMENT_TARGET = 8.4;
				MTL_ENABLE_DEBUG_INFO = NO;
				SDKROOT = iphoneos;
				VALIDATE_PRODUCT = YES;
			};
			name = Release;
		};
		950986BD1BB061F7003422FF /* Debug */ = {
			isa = XCBuildConfiguration;
			buildSettings = {
				ASSETCATALOG_COMPILER_APPICON_NAME = AppIcon;
				INFOPLIST_FILE = "Simple iOS REST App/Info.plist";
				LD_RUNPATH_SEARCH_PATHS = "$(inherited) @executable_path/Frameworks";
				PRODUCT_NAME = "$(TARGET_NAME)";
			};
			name = Debug;
		};
		950986BE1BB061F7003422FF /* Release */ = {
			isa = XCBuildConfiguration;
			buildSettings = {
				ASSETCATALOG_COMPILER_APPICON_NAME = AppIcon;
				INFOPLIST_FILE = "Simple iOS REST App/Info.plist";
				LD_RUNPATH_SEARCH_PATHS = "$(inherited) @executable_path/Frameworks";
				PRODUCT_NAME = "$(TARGET_NAME)";
			};
			name = Release;
		};
		950986C01BB061F7003422FF /* Debug */ = {
			isa = XCBuildConfiguration;
			buildSettings = {
				BUNDLE_LOADER = "$(TEST_HOST)";
				FRAMEWORK_SEARCH_PATHS = (
					"$(SDKROOT)/Developer/Library/Frameworks",
					"$(inherited)",
				);
				GCC_PREPROCESSOR_DEFINITIONS = (
					"DEBUG=1",
					"$(inherited)",
				);
				INFOPLIST_FILE = "Simple iOS REST AppTests/Info.plist";
				LD_RUNPATH_SEARCH_PATHS = "$(inherited) @executable_path/Frameworks @loader_path/Frameworks";
				PRODUCT_NAME = "$(TARGET_NAME)";
				TEST_HOST = "$(BUILT_PRODUCTS_DIR)/Simple iOS REST App.app/Simple iOS REST App";
			};
			name = Debug;
		};
		950986C11BB061F7003422FF /* Release */ = {
			isa = XCBuildConfiguration;
			buildSettings = {
				BUNDLE_LOADER = "$(TEST_HOST)";
				FRAMEWORK_SEARCH_PATHS = (
					"$(SDKROOT)/Developer/Library/Frameworks",
					"$(inherited)",
				);
				INFOPLIST_FILE = "Simple iOS REST AppTests/Info.plist";
				LD_RUNPATH_SEARCH_PATHS = "$(inherited) @executable_path/Frameworks @loader_path/Frameworks";
				PRODUCT_NAME = "$(TARGET_NAME)";
				TEST_HOST = "$(BUILT_PRODUCTS_DIR)/Simple iOS REST App.app/Simple iOS REST App";
			};
			name = Release;
		};
/* End XCBuildConfiguration section */

/* Begin XCConfigurationList section */
		950986981BB061F7003422FF /* Build configuration list for PBXProject "Simple iOS REST App" */ = {
			isa = XCConfigurationList;
			buildConfigurations = (
				950986BA1BB061F7003422FF /* Debug */,
				950986BB1BB061F7003422FF /* Release */,
			);
			defaultConfigurationIsVisible = 0;
			defaultConfigurationName = Release;
		};
		950986BC1BB061F7003422FF /* Build configuration list for PBXNativeTarget "Simple iOS REST App" */ = {
			isa = XCConfigurationList;
			buildConfigurations = (
				950986BD1BB061F7003422FF /* Debug */,
				950986BE1BB061F7003422FF /* Release */,
			);
			defaultConfigurationIsVisible = 0;
			defaultConfigurationName = Release;
		};
		950986BF1BB061F7003422FF /* Build configuration list for PBXNativeTarget "Simple iOS REST AppTests" */ = {
			isa = XCConfigurationList;
			buildConfigurations = (
				950986C01BB061F7003422FF /* Debug */,
				950986C11BB061F7003422FF /* Release */,
			);
			defaultConfigurationIsVisible = 0;
			defaultConfigurationName = Release;
		};
/* End XCConfigurationList section */
	};
	rootObject = 950986951BB061F7003422FF /* Project object */;
}
